
Microsoft Visual Studio Solution File, Format Version 12.00
# Visual Studio 15
VisualStudioVersion = 15.0.26403.7
MinimumVisualStudioVersion = 10.0.40219.1
Project("{FAE04EC0-301F-11D3-BF4B-00C04F79EFBC}") = "GardenNote.Web", "GardenNote.Web\GardenNote.Web.csproj", "{8F5C6D15-1620-4690-BBD6-4F1ACC40624B}"
EndProject
Project("{FAE04EC0-301F-11D3-BF4B-00C04F79EFBC}") = "GardenNote.Services", "GardenNote.Services\GardenNote.Services.csproj", "{E98D5115-EDD6-4D60-94C1-C057FE6767C5}"
EndProject
Project("{FAE04EC0-301F-11D3-BF4B-00C04F79EFBC}") = "GardenNote.Models", "GardenNote.Models\GardenNote.Models.csproj", "{FD8CF0CF-E3C4-4E44-B738-9B8E7FD6C94E}"
EndProject
Project("{FAE04EC0-301F-11D3-BF4B-00C04F79EFBC}") = "GardenNote.Data", "GardenNote.Data\GardenNote.Data.csproj", "{6CBCDA51-FABC-45E2-B0E6-AF90B13CB363}"
EndProject
Global
	GlobalSection(SolutionConfigurationPlatforms) = preSolution
		Debug|Any CPU = Debug|Any CPU
		Release|Any CPU = Release|Any CPU
	EndGlobalSection
	GlobalSection(ProjectConfigurationPlatforms) = postSolution
		{8F5C6D15-1620-4690-BBD6-4F1ACC40624B}.Debug|Any CPU.ActiveCfg = Debug|Any CPU
		{8F5C6D15-1620-4690-BBD6-4F1ACC40624B}.Debug|Any CPU.Build.0 = Debug|Any CPU
		{8F5C6D15-1620-4690-BBD6-4F1ACC40624B}.Release|Any CPU.ActiveCfg = Release|Any CPU
		{8F5C6D15-1620-4690-BBD6-4F1ACC40624B}.Release|Any CPU.Build.0 = Release|Any CPU
		{E98D5115-EDD6-4D60-94C1-C057FE6767C5}.Debug|Any CPU.ActiveCfg = Debug|Any CPU
		{E98D5115-EDD6-4D60-94C1-C057FE6767C5}.Debug|Any CPU.Build.0 = Debug|Any CPU
		{E98D5115-EDD6-4D60-94C1-C057FE6767C5}.Release|Any CPU.ActiveCfg = Release|Any CPU
		{E98D5115-EDD6-4D60-94C1-C057FE6767C5}.Release|Any CPU.Build.0 = Release|Any CPU
		{FD8CF0CF-E3C4-4E44-B738-9B8E7FD6C94E}.Debug|Any CPU.ActiveCfg = Debug|Any CPU
		{FD8CF0CF-E3C4-4E44-B738-9B8E7FD6C94E}.Debug|Any CPU.Build.0 = Debug|Any CPU
		{FD8CF0CF-E3C4-4E44-B738-9B8E7FD6C94E}.Release|Any CPU.ActiveCfg = Release|Any CPU
		{FD8CF0CF-E3C4-4E44-B738-9B8E7FD6C94E}.Release|Any CPU.Build.0 = Release|Any CPU
		{6CBCDA51-FABC-45E2-B0E6-AF90B13CB363}.Debug|Any CPU.ActiveCfg = Debug|Any CPU
		{6CBCDA51-FABC-45E2-B0E6-AF90B13CB363}.Debug|Any CPU.Build.0 = Debug|Any CPU
		{6CBCDA51-FABC-45E2-B0E6-AF90B13CB363}.Release|Any CPU.ActiveCfg = Release|Any CPU
		{6CBCDA51-FABC-45E2-B0E6-AF90B13CB363}.Release|Any CPU.Build.0 = Release|Any CPU
	EndGlobalSection
	GlobalSection(SolutionProperties) = preSolution
		HideSolutionNode = FALSE
	EndGlobalSection
EndGlobal
